// !$*UTF8*$!
{
	archiveVersion = 1;
	classes = {
	};
	objectVersion = 56;
	objects = {

/* Begin PBXBuildFile section */
		6A3B290E2C6BA19B00FFB9D0 /* CustomTableViewCell.swift in Sources */ = {isa = PBXBuildFile; fileRef = 6A3B290D2C6BA19B00FFB9D0 /* CustomTableViewCell.swift */; };
		6AC02EB12C6B9C420025BE7E /* AppDelegate.swift in Sources */ = {isa = PBXBuildFile; fileRef = 6AC02EB02C6B9C420025BE7E /* AppDelegate.swift */; };
		6AC02EB32C6B9C420025BE7E /* SceneDelegate.swift in Sources */ = {isa = PBXBuildFile; fileRef = 6AC02EB22C6B9C420025BE7E /* SceneDelegate.swift */; };
		6AC02EB52C6B9C420025BE7E /* ViewController.swift in Sources */ = {isa = PBXBuildFile; fileRef = 6AC02EB42C6B9C420025BE7E /* ViewController.swift */; };
		6AC02EBA2C6B9C430025BE7E /* Assets.xcassets in Resources */ = {isa = PBXBuildFile; fileRef = 6AC02EB92C6B9C430025BE7E /* Assets.xcassets */; };
		6AC02EBD2C6B9C430025BE7E /* Base in Resources */ = {isa = PBXBuildFile; fileRef = 6AC02EBC2C6B9C430025BE7E /* Base */; };
		6AC02EC82C6B9C430025BE7E /* DefaultAvatarTests.swift in Sources */ = {isa = PBXBuildFile; fileRef = 6AC02EC72C6B9C430025BE7E /* DefaultAvatarTests.swift */; };
		6AC02ED22C6B9C430025BE7E /* DefaultAvatarUITests.swift in Sources */ = {isa = PBXBuildFile; fileRef = 6AC02ED12C6B9C430025BE7E /* DefaultAvatarUITests.swift */; };
		6AC02ED42C6B9C430025BE7E /* DefaultAvatarUITestsLaunchTests.swift in Sources */ = {isa = PBXBuildFile; fileRef = 6AC02ED32C6B9C430025BE7E /* DefaultAvatarUITestsLaunchTests.swift */; };
/* End PBXBuildFile section */

/* Begin PBXContainerItemProxy section */
		6AC02EC42C6B9C430025BE7E /* PBXContainerItemProxy */ = {
			isa = PBXContainerItemProxy;
			containerPortal = 6AC02EA52C6B9C420025BE7E /* Project object */;
			proxyType = 1;
			remoteGlobalIDString = 6AC02EAC2C6B9C420025BE7E;
			remoteInfo = DefaultAvatar;
		};
		6AC02ECE2C6B9C430025BE7E /* PBXContainerItemProxy */ = {
			isa = PBXContainerItemProxy;
			containerPortal = 6AC02EA52C6B9C420025BE7E /* Project object */;
			proxyType = 1;
			remoteGlobalIDString = 6AC02EAC2C6B9C420025BE7E;
			remoteInfo = DefaultAvatar;
		};
/* End PBXContainerItemProxy section */

/* Begin PBXFileReference section */
		6A3B290D2C6BA19B00FFB9D0 /* CustomTableViewCell.swift */ = {isa = PBXFileReference; lastKnownFileType = sourcecode.swift; path = CustomTableViewCell.swift; sourceTree = "<group>"; };
		6AC02EAD2C6B9C420025BE7E /* DefaultAvatar.app */ = {isa = PBXFileReference; explicitFileType = wrapper.application; includeInIndex = 0; path = DefaultAvatar.app; sourceTree = BUILT_PRODUCTS_DIR; };
		6AC02EB02C6B9C420025BE7E /* AppDelegate.swift */ = {isa = PBXFileReference; lastKnownFileType = sourcecode.swift; path = AppDelegate.swift; sourceTree = "<group>"; };
		6AC02EB22C6B9C420025BE7E /* SceneDelegate.swift */ = {isa = PBXFileReference; lastKnownFileType = sourcecode.swift; path = SceneDelegate.swift; sourceTree = "<group>"; };
		6AC02EB42C6B9C420025BE7E /* ViewController.swift */ = {isa = PBXFileReference; lastKnownFileType = sourcecode.swift; path = ViewController.swift; sourceTree = "<group>"; };
		6AC02EB92C6B9C430025BE7E /* Assets.xcassets */ = {isa = PBXFileReference; lastKnownFileType = folder.assetcatalog; path = Assets.xcassets; sourceTree = "<group>"; };
		6AC02EBC2C6B9C430025BE7E /* Base */ = {isa = PBXFileReference; lastKnownFileType = file.storyboard; name = Base; path = Base.lproj/LaunchScreen.storyboard; sourceTree = "<group>"; };
		6AC02EBE2C6B9C430025BE7E /* Info.plist */ = {isa = PBXFileReference; lastKnownFileType = text.plist.xml; path = Info.plist; sourceTree = "<group>"; };
		6AC02EC32C6B9C430025BE7E /* DefaultAvatarTests.xctest */ = {isa = PBXFileReference; explicitFileType = wrapper.cfbundle; includeInIndex = 0; path = DefaultAvatarTests.xctest; sourceTree = BUILT_PRODUCTS_DIR; };
		6AC02EC72C6B9C430025BE7E /* DefaultAvatarTests.swift */ = {isa = PBXFileReference; lastKnownFileType = sourcecode.swift; path = DefaultAvatarTests.swift; sourceTree = "<group>"; };
		6AC02ECD2C6B9C430025BE7E /* DefaultAvatarUITests.xctest */ = {isa = PBXFileReference; explicitFileType = wrapper.cfbundle; includeInIndex = 0; path = DefaultAvatarUITests.xctest; sourceTree = BUILT_PRODUCTS_DIR; };
		6AC02ED12C6B9C430025BE7E /* DefaultAvatarUITests.swift */ = {isa = PBXFileReference; lastKnownFileType = sourcecode.swift; path = DefaultAvatarUITests.swift; sourceTree = "<group>"; };
		6AC02ED32C6B9C430025BE7E /* DefaultAvatarUITestsLaunchTests.swift */ = {isa = PBXFileReference; lastKnownFileType = sourcecode.swift; path = DefaultAvatarUITestsLaunchTests.swift; sourceTree = "<group>"; };
/* End PBXFileReference section */

/* Begin PBXFrameworksBuildPhase section */
		6AC02EAA2C6B9C420025BE7E /* Frameworks */ = {
			isa = PBXFrameworksBuildPhase;
			buildActionMask = 2147483647;
			files = (
			);
			runOnlyForDeploymentPostprocessing = 0;
		};
		6AC02EC02C6B9C430025BE7E /* Frameworks */ = {
			isa = PBXFrameworksBuildPhase;
			buildActionMask = 2147483647;
			files = (
			);
			runOnlyForDeploymentPostprocessing = 0;
		};
		6AC02ECA2C6B9C430025BE7E /* Frameworks */ = {
			isa = PBXFrameworksBuildPhase;
			buildActionMask = 2147483647;
			files = (
			);
			runOnlyForDeploymentPostprocessing = 0;
		};
/* End PBXFrameworksBuildPhase section */

/* Begin PBXGroup section */
		6A3B29092C6BA09800FFB9D0 /* Applications */ = {
			isa = PBXGroup;
			children = (
				6AC02EB02C6B9C420025BE7E /* AppDelegate.swift */,
				6AC02EB22C6B9C420025BE7E /* SceneDelegate.swift */,
				6AC02EB92C6B9C430025BE7E /* Assets.xcassets */,
				6AC02EBB2C6B9C430025BE7E /* LaunchScreen.storyboard */,
			);
			path = Applications;
			sourceTree = "<group>";
		};
		6A3B290B2C6BA0B700FFB9D0 /* Views */ = {
			isa = PBXGroup;
			children = (
				6A3B290D2C6BA19B00FFB9D0 /* CustomTableViewCell.swift */,
			);
			path = Views;
			sourceTree = "<group>";
		};
		6A3B290C2C6BA0BC00FFB9D0 /* Controller */ = {
			isa = PBXGroup;
			children = (
				6AC02EB42C6B9C420025BE7E /* ViewController.swift */,
			);
			path = Controller;
			sourceTree = "<group>";
		};
		6AC02EA42C6B9C420025BE7E = {
			isa = PBXGroup;
			children = (
				6AC02EAF2C6B9C420025BE7E /* DefaultAvatar */,
				6AC02EC62C6B9C430025BE7E /* DefaultAvatarTests */,
				6AC02ED02C6B9C430025BE7E /* DefaultAvatarUITests */,
				6AC02EAE2C6B9C420025BE7E /* Products */,
			);
			sourceTree = "<group>";
		};
		6AC02EAE2C6B9C420025BE7E /* Products */ = {
			isa = PBXGroup;
			children = (
				6AC02EAD2C6B9C420025BE7E /* DefaultAvatar.app */,
				6AC02EC32C6B9C430025BE7E /* DefaultAvatarTests.xctest */,
				6AC02ECD2C6B9C430025BE7E /* DefaultAvatarUITests.xctest */,
			);
			name = Products;
			sourceTree = "<group>";
		};
		6AC02EAF2C6B9C420025BE7E /* DefaultAvatar */ = {
			isa = PBXGroup;
			children = (
				6A3B290C2C6BA0BC00FFB9D0 /* Controller */,
				6A3B290B2C6BA0B700FFB9D0 /* Views */,
				6A3B29092C6BA09800FFB9D0 /* Applications */,
				6AC02EBE2C6B9C430025BE7E /* Info.plist */,
			);
			path = DefaultAvatar;
			sourceTree = "<group>";
		};
		6AC02EC62C6B9C430025BE7E /* DefaultAvatarTests */ = {
			isa = PBXGroup;
			children = (
				6AC02EC72C6B9C430025BE7E /* DefaultAvatarTests.swift */,
			);
			path = DefaultAvatarTests;
			sourceTree = "<group>";
		};
		6AC02ED02C6B9C430025BE7E /* DefaultAvatarUITests */ = {
			isa = PBXGroup;
			children = (
				6AC02ED12C6B9C430025BE7E /* DefaultAvatarUITests.swift */,
				6AC02ED32C6B9C430025BE7E /* DefaultAvatarUITestsLaunchTests.swift */,
			);
			path = DefaultAvatarUITests;
			sourceTree = "<group>";
		};
/* End PBXGroup section */

/* Begin PBXNativeTarget section */
		6AC02EAC2C6B9C420025BE7E /* DefaultAvatar */ = {
			isa = PBXNativeTarget;
			buildConfigurationList = 6AC02ED72C6B9C430025BE7E /* Build configuration list for PBXNativeTarget "DefaultAvatar" */;
			buildPhases = (
				6AC02EA92C6B9C420025BE7E /* Sources */,
				6AC02EAA2C6B9C420025BE7E /* Frameworks */,
				6AC02EAB2C6B9C420025BE7E /* Resources */,
			);
			buildRules = (
			);
			dependencies = (
			);
			name = DefaultAvatar;
			productName = DefaultAvatar;
			productReference = 6AC02EAD2C6B9C420025BE7E /* DefaultAvatar.app */;
			productType = "com.apple.product-type.application";
		};
		6AC02EC22C6B9C430025BE7E /* DefaultAvatarTests */ = {
			isa = PBXNativeTarget;
			buildConfigurationList = 6AC02EDA2C6B9C430025BE7E /* Build configuration list for PBXNativeTarget "DefaultAvatarTests" */;
			buildPhases = (
				6AC02EBF2C6B9C430025BE7E /* Sources */,
				6AC02EC02C6B9C430025BE7E /* Frameworks */,
				6AC02EC12C6B9C430025BE7E /* Resources */,
			);
			buildRules = (
			);
			dependencies = (
				6AC02EC52C6B9C430025BE7E /* PBXTargetDependency */,
			);
			name = DefaultAvatarTests;
			productName = DefaultAvatarTests;
			productReference = 6AC02EC32C6B9C430025BE7E /* DefaultAvatarTests.xctest */;
			productType = "com.apple.product-type.bundle.unit-test";
		};
		6AC02ECC2C6B9C430025BE7E /* DefaultAvatarUITests */ = {
			isa = PBXNativeTarget;
			buildConfigurationList = 6AC02EDD2C6B9C430025BE7E /* Build configuration list for PBXNativeTarget "DefaultAvatarUITests" */;
			buildPhases = (
				6AC02EC92C6B9C430025BE7E /* Sources */,
				6AC02ECA2C6B9C430025BE7E /* Frameworks */,
				6AC02ECB2C6B9C430025BE7E /* Resources */,
			);
			buildRules = (
			);
			dependencies = (
				6AC02ECF2C6B9C430025BE7E /* PBXTargetDependency */,
			);
			name = DefaultAvatarUITests;
			productName = DefaultAvatarUITests;
			productReference = 6AC02ECD2C6B9C430025BE7E /* DefaultAvatarUITests.xctest */;
			productType = "com.apple.product-type.bundle.ui-testing";
		};
/* End PBXNativeTarget section */

/* Begin PBXProject section */
		6AC02EA52C6B9C420025BE7E /* Project object */ = {
			isa = PBXProject;
			attributes = {
				BuildIndependentTargetsInParallel = 1;
				LastSwiftUpdateCheck = 1540;
				LastUpgradeCheck = 1540;
				TargetAttributes = {
					6AC02EAC2C6B9C420025BE7E = {
						CreatedOnToolsVersion = 15.4;
					};
					6AC02EC22C6B9C430025BE7E = {
						CreatedOnToolsVersion = 15.4;
						TestTargetID = 6AC02EAC2C6B9C420025BE7E;
					};
					6AC02ECC2C6B9C430025BE7E = {
						CreatedOnToolsVersion = 15.4;
						TestTargetID = 6AC02EAC2C6B9C420025BE7E;
					};
				};
			};
			buildConfigurationList = 6AC02EA82C6B9C420025BE7E /* Build configuration list for PBXProject "DefaultAvatar" */;
			compatibilityVersion = "Xcode 14.0";
			developmentRegion = en;
			hasScannedForEncodings = 0;
			knownRegions = (
				en,
				Base,
			);
			mainGroup = 6AC02EA42C6B9C420025BE7E;
			productRefGroup = 6AC02EAE2C6B9C420025BE7E /* Products */;
			projectDirPath = "";
			projectRoot = "";
			targets = (
				6AC02EAC2C6B9C420025BE7E /* DefaultAvatar */,
				6AC02EC22C6B9C430025BE7E /* DefaultAvatarTests */,
				6AC02ECC2C6B9C430025BE7E /* DefaultAvatarUITests */,
			);
		};
/* End PBXProject section */

/* Begin PBXResourcesBuildPhase section */
		6AC02EAB2C6B9C420025BE7E /* Resources */ = {
			isa = PBXResourcesBuildPhase;
			buildActionMask = 2147483647;
			files = (
				6AC02EBA2C6B9C430025BE7E /* Assets.xcassets in Resources */,
				6AC02EBD2C6B9C430025BE7E /* Base in Resources */,
			);
			runOnlyForDeploymentPostprocessing = 0;
		};
		6AC02EC12C6B9C430025BE7E /* Resources */ = {
			isa = PBXResourcesBuildPhase;
			buildActionMask = 2147483647;
			files = (
			);
			runOnlyForDeploymentPostprocessing = 0;
		};
		6AC02ECB2C6B9C430025BE7E /* Resources */ = {
			isa = PBXResourcesBuildPhase;
			buildActionMask = 2147483647;
			files = (
			);
			runOnlyForDeploymentPostprocessing = 0;
		};
/* End PBXResourcesBuildPhase section */

/* Begin PBXSourcesBuildPhase section */
		6AC02EA92C6B9C420025BE7E /* Sources */ = {
			isa = PBXSourcesBuildPhase;
			buildActionMask = 2147483647;
			files = (
				6AC02EB52C6B9C420025BE7E /* ViewController.swift in Sources */,
				6AC02EB12C6B9C420025BE7E /* AppDelegate.swift in Sources */,
				6A3B290E2C6BA19B00FFB9D0 /* CustomTableViewCell.swift in Sources */,
				6AC02EB32C6B9C420025BE7E /* SceneDelegate.swift in Sources */,
			);
			runOnlyForDeploymentPostprocessing = 0;
		};
		6AC02EBF2C6B9C430025BE7E /* Sources */ = {
			isa = PBXSourcesBuildPhase;
			buildActionMask = 2147483647;
			files = (
				6AC02EC82C6B9C430025BE7E /* DefaultAvatarTests.swift in Sources */,
			);
			runOnlyForDeploymentPostprocessing = 0;
		};
		6AC02EC92C6B9C430025BE7E /* Sources */ = {
			isa = PBXSourcesBuildPhase;
			buildActionMask = 2147483647;
			files = (
				6AC02ED22C6B9C430025BE7E /* DefaultAvatarUITests.swift in Sources */,
				6AC02ED42C6B9C430025BE7E /* DefaultAvatarUITestsLaunchTests.swift in Sources */,
			);
			runOnlyForDeploymentPostprocessing = 0;
		};
/* End PBXSourcesBuildPhase section */

/* Begin PBXTargetDependency section */
		6AC02EC52C6B9C430025BE7E /* PBXTargetDependency */ = {
			isa = PBXTargetDependency;
			target = 6AC02EAC2C6B9C420025BE7E /* DefaultAvatar */;
			targetProxy = 6AC02EC42C6B9C430025BE7E /* PBXContainerItemProxy */;
		};
		6AC02ECF2C6B9C430025BE7E /* PBXTargetDependency */ = {
			isa = PBXTargetDependency;
			target = 6AC02EAC2C6B9C420025BE7E /* DefaultAvatar */;
			targetProxy = 6AC02ECE2C6B9C430025BE7E /* PBXContainerItemProxy */;
		};
/* End PBXTargetDependency section */

/* Begin PBXVariantGroup section */
		6AC02EBB2C6B9C430025BE7E /* LaunchScreen.storyboard */ = {
			isa = PBXVariantGroup;
			children = (
				6AC02EBC2C6B9C430025BE7E /* Base */,
			);
			name = LaunchScreen.storyboard;
			sourceTree = "<group>";
		};
/* End PBXVariantGroup section */

/* Begin XCBuildConfiguration section */
		6AC02ED52C6B9C430025BE7E /* Debug */ = {
			isa = XCBuildConfiguration;
			buildSettings = {
				ALWAYS_SEARCH_USER_PATHS = NO;
				ASSETCATALOG_COMPILER_GENERATE_SWIFT_ASSET_SYMBOL_EXTENSIONS = YES;
				CLANG_ANALYZER_NONNULL = YES;
				CLANG_ANALYZER_NUMBER_OBJECT_CONVERSION = YES_AGGRESSIVE;
				CLANG_CXX_LANGUAGE_STANDARD = "gnu++20";
				CLANG_ENABLE_MODULES = YES;
				CLANG_ENABLE_OBJC_ARC = YES;
				CLANG_ENABLE_OBJC_WEAK = YES;
				CLANG_WARN_BLOCK_CAPTURE_AUTORELEASING = YES;
				CLANG_WARN_BOOL_CONVERSION = YES;
				CLANG_WARN_COMMA = YES;
				CLANG_WARN_CONSTANT_CONVERSION = YES;
				CLANG_WARN_DEPRECATED_OBJC_IMPLEMENTATIONS = YES;
				CLANG_WARN_DIRECT_OBJC_ISA_USAGE = YES_ERROR;
				CLANG_WARN_DOCUMENTATION_COMMENTS = YES;
				CLANG_WARN_EMPTY_BODY = YES;
				CLANG_WARN_ENUM_CONVERSION = YES;
				CLANG_WARN_INFINITE_RECURSION = YES;
				CLANG_WARN_INT_CONVERSION = YES;
				CLANG_WARN_NON_LITERAL_NULL_CONVERSION = YES;
				CLANG_WARN_OBJC_IMPLICIT_RETAIN_SELF = YES;
				CLANG_WARN_OBJC_LITERAL_CONVERSION = YES;
				CLANG_WARN_OBJC_ROOT_CLASS = YES_ERROR;
				CLANG_WARN_QUOTED_INCLUDE_IN_FRAMEWORK_HEADER = YES;
				CLANG_WARN_RANGE_LOOP_ANALYSIS = YES;
				CLANG_WARN_STRICT_PROTOTYPES = YES;
				CLANG_WARN_SUSPICIOUS_MOVE = YES;
				CLANG_WARN_UNGUARDED_AVAILABILITY = YES_AGGRESSIVE;
				CLANG_WARN_UNREACHABLE_CODE = YES;
				CLANG_WARN__DUPLICATE_METHOD_MATCH = YES;
				COPY_PHASE_STRIP = NO;
				DEBUG_INFORMATION_FORMAT = dwarf;
				ENABLE_STRICT_OBJC_MSGSEND = YES;
				ENABLE_TESTABILITY = YES;
				ENABLE_USER_SCRIPT_SANDBOXING = YES;
				GCC_C_LANGUAGE_STANDARD = gnu17;
				GCC_DYNAMIC_NO_PIC = NO;
				GCC_NO_COMMON_BLOCKS = YES;
				GCC_OPTIMIZATION_LEVEL = 0;
				GCC_PREPROCESSOR_DEFINITIONS = (
					"DEBUG=1",
					"$(inherited)",
				);
				GCC_WARN_64_TO_32_BIT_CONVERSION = YES;
				GCC_WARN_ABOUT_RETURN_TYPE = YES_ERROR;
				GCC_WARN_UNDECLARED_SELECTOR = YES;
				GCC_WARN_UNINITIALIZED_AUTOS = YES_AGGRESSIVE;
				GCC_WARN_UNUSED_FUNCTION = YES;
				GCC_WARN_UNUSED_VARIABLE = YES;
				IPHONEOS_DEPLOYMENT_TARGET = 17.5;
				LOCALIZATION_PREFERS_STRING_CATALOGS = YES;
				MTL_ENABLE_DEBUG_INFO = INCLUDE_SOURCE;
				MTL_FAST_MATH = YES;
				ONLY_ACTIVE_ARCH = YES;
				SDKROOT = iphoneos;
				SWIFT_ACTIVE_COMPILATION_CONDITIONS = "DEBUG $(inherited)";
				SWIFT_OPTIMIZATION_LEVEL = "-Onone";
			};
			name = Debug;
		};
		6AC02ED62C6B9C430025BE7E /* Release */ = {
			isa = XCBuildConfiguration;
			buildSettings = {
				ALWAYS_SEARCH_USER_PATHS = NO;
				ASSETCATALOG_COMPILER_GENERATE_SWIFT_ASSET_SYMBOL_EXTENSIONS = YES;
				CLANG_ANALYZER_NONNULL = YES;
				CLANG_ANALYZER_NUMBER_OBJECT_CONVERSION = YES_AGGRESSIVE;
				CLANG_CXX_LANGUAGE_STANDARD = "gnu++20";
				CLANG_ENABLE_MODULES = YES;
				CLANG_ENABLE_OBJC_ARC = YES;
				CLANG_ENABLE_OBJC_WEAK = YES;
				CLANG_WARN_BLOCK_CAPTURE_AUTORELEASING = YES;
				CLANG_WARN_BOOL_CONVERSION = YES;
				CLANG_WARN_COMMA = YES;
				CLANG_WARN_CONSTANT_CONVERSION = YES;
				CLANG_WARN_DEPRECATED_OBJC_IMPLEMENTATIONS = YES;
				CLANG_WARN_DIRECT_OBJC_ISA_USAGE = YES_ERROR;
				CLANG_WARN_DOCUMENTATION_COMMENTS = YES;
				CLANG_WARN_EMPTY_BODY = YES;
				CLANG_WARN_ENUM_CONVERSION = YES;
				CLANG_WARN_INFINITE_RECURSION = YES;
				CLANG_WARN_INT_CONVERSION = YES;
				CLANG_WARN_NON_LITERAL_NULL_CONVERSION = YES;
				CLANG_WARN_OBJC_IMPLICIT_RETAIN_SELF = YES;
				CLANG_WARN_OBJC_LITERAL_CONVERSION = YES;
				CLANG_WARN_OBJC_ROOT_CLASS = YES_ERROR;
				CLANG_WARN_QUOTED_INCLUDE_IN_FRAMEWORK_HEADER = YES;
				CLANG_WARN_RANGE_LOOP_ANALYSIS = YES;
				CLANG_WARN_STRICT_PROTOTYPES = YES;
				CLANG_WARN_SUSPICIOUS_MOVE = YES;
				CLANG_WARN_UNGUARDED_AVAILABILITY = YES_AGGRESSIVE;
				CLANG_WARN_UNREACHABLE_CODE = YES;
				CLANG_WARN__DUPLICATE_METHOD_MATCH = YES;
				COPY_PHASE_STRIP = NO;
				DEBUG_INFORMATION_FORMAT = "dwarf-with-dsym";
				ENABLE_NS_ASSERTIONS = NO;
				ENABLE_STRICT_OBJC_MSGSEND = YES;
				ENABLE_USER_SCRIPT_SANDBOXING = YES;
				GCC_C_LANGUAGE_STANDARD = gnu17;
				GCC_NO_COMMON_BLOCKS = YES;
				GCC_WARN_64_TO_32_BIT_CONVERSION = YES;
				GCC_WARN_ABOUT_RETURN_TYPE = YES_ERROR;
				GCC_WARN_UNDECLARED_SELECTOR = YES;
				GCC_WARN_UNINITIALIZED_AUTOS = YES_AGGRESSIVE;
				GCC_WARN_UNUSED_FUNCTION = YES;
				GCC_WARN_UNUSED_VARIABLE = YES;
				IPHONEOS_DEPLOYMENT_TARGET = 17.5;
				LOCALIZATION_PREFERS_STRING_CATALOGS = YES;
				MTL_ENABLE_DEBUG_INFO = NO;
				MTL_FAST_MATH = YES;
				SDKROOT = iphoneos;
				SWIFT_COMPILATION_MODE = wholemodule;
				VALIDATE_PRODUCT = YES;
			};
			name = Release;
		};
		6AC02ED82C6B9C430025BE7E /* Debug */ = {
			isa = XCBuildConfiguration;
			buildSettings = {
				ASSETCATALOG_COMPILER_APPICON_NAME = AppIcon;
				ASSETCATALOG_COMPILER_GLOBAL_ACCENT_COLOR_NAME = AccentColor;
				CODE_SIGN_STYLE = Automatic;
				CURRENT_PROJECT_VERSION = 1;
				DEVELOPMENT_TEAM = 244RFX44WS;
				GENERATE_INFOPLIST_FILE = YES;
				INFOPLIST_FILE = DefaultAvatar/Info.plist;
				INFOPLIST_KEY_UIApplicationSupportsIndirectInputEvents = YES;
				INFOPLIST_KEY_UILaunchStoryboardName = LaunchScreen;
				INFOPLIST_KEY_UISupportedInterfaceOrientations_iPad = "UIInterfaceOrientationPortrait UIInterfaceOrientationPortraitUpsideDown UIInterfaceOrientationLandscapeLeft UIInterfaceOrientationLandscapeRight";
				INFOPLIST_KEY_UISupportedInterfaceOrientations_iPhone = "UIInterfaceOrientationPortrait UIInterfaceOrientationLandscapeLeft UIInterfaceOrientationLandscapeRight";
				LD_RUNPATH_SEARCH_PATHS = (
					"$(inherited)",
					"@executable_path/Frameworks",
				);
				MARKETING_VERSION = 1.0;
				PRODUCT_BUNDLE_IDENTIFIER = Saadet.DefaultAvatar;
				PRODUCT_NAME = "$(TARGET_NAME)";
				SWIFT_EMIT_LOC_STRINGS = YES;
				SWIFT_VERSION = 5.0;
				TARGETED_DEVICE_FAMILY = "1,2";
			};
			name = Debug;
		};
		6AC02ED92C6B9C430025BE7E /* Release */ = {
			isa = XCBuildConfiguration;
			buildSettings = {
				ASSETCATALOG_COMPILER_APPICON_NAME = AppIcon;
				ASSETCATALOG_COMPILER_GLOBAL_ACCENT_COLOR_NAME = AccentColor;
				CODE_SIGN_STYLE = Automatic;
				CURRENT_PROJECT_VERSION = 1;
				DEVELOPMENT_TEAM = 244RFX44WS;
				GENERATE_INFOPLIST_FILE = YES;
				INFOPLIST_FILE = DefaultAvatar/Info.plist;
				INFOPLIST_KEY_UIApplicationSupportsIndirectInputEvents = YES;
				INFOPLIST_KEY_UILaunchStoryboardName = LaunchScreen;
				INFOPLIST_KEY_UISupportedInterfaceOrientations_iPad = "UIInterfaceOrientationPortrait UIInterfaceOrientationPortraitUpsideDown UIInterfaceOrientationLandscapeLeft UIInterfaceOrientationLandscapeRight";
				INFOPLIST_KEY_UISupportedInterfaceOrientations_iPhone = "UIInterfaceOrientationPortrait UIInterfaceOrientationLandscapeLeft UIInterfaceOrientationLandscapeRight";
				LD_RUNPATH_SEARCH_PATHS = (
					"$(inherited)",
					"@executable_path/Frameworks",
				);
				MARKETING_VERSION = 1.0;
				PRODUCT_BUNDLE_IDENTIFIER = Saadet.DefaultAvatar;
				PRODUCT_NAME = "$(TARGET_NAME)";
				SWIFT_EMIT_LOC_STRINGS = YES;
				SWIFT_VERSION = 5.0;
				TARGETED_DEVICE_FAMILY = "1,2";
			};
			name = Release;
		};
		6AC02EDB2C6B9C430025BE7E /* Debug */ = {
			isa = XCBuildConfiguration;
			buildSettings = {
				ALWAYS_EMBED_SWIFT_STANDARD_LIBRARIES = YES;
				BUNDLE_LOADER = "$(TEST_HOST)";
				CODE_SIGN_STYLE = Automatic;
				CURRENT_PROJECT_VERSION = 1;
				DEVELOPMENT_TEAM = 244RFX44WS;
				GENERATE_INFOPLIST_FILE = YES;
				IPHONEOS_DEPLOYMENT_TARGET = 17.5;
				MARKETING_VERSION = 1.0;
				PRODUCT_BUNDLE_IDENTIFIER = Saadet.DefaultAvatarTests;
				PRODUCT_NAME = "$(TARGET_NAME)";
				SWIFT_EMIT_LOC_STRINGS = NO;
				SWIFT_VERSION = 5.0;
				TARGETED_DEVICE_FAMILY = "1,2";
				TEST_HOST = "$(BUILT_PRODUCTS_DIR)/DefaultAvatar.app/$(BUNDLE_EXECUTABLE_FOLDER_PATH)/DefaultAvatar";
			};
			name = Debug;
		};
		6AC02EDC2C6B9C430025BE7E /* Release */ = {
			isa = XCBuildConfiguration;
			buildSettings = {
				ALWAYS_EMBED_SWIFT_STANDARD_LIBRARIES = YES;
				BUNDLE_LOADER = "$(TEST_HOST)";
				CODE_SIGN_STYLE = Automatic;
				CURRENT_PROJECT_VERSION = 1;
				DEVELOPMENT_TEAM = 244RFX44WS;
				GENERATE_INFOPLIST_FILE = YES;
				IPHONEOS_DEPLOYMENT_TARGET = 17.5;
				MARKETING_VERSION = 1.0;
				PRODUCT_BUNDLE_IDENTIFIER = Saadet.DefaultAvatarTests;
				PRODUCT_NAME = "$(TARGET_NAME)";
				SWIFT_EMIT_LOC_STRINGS = NO;
				SWIFT_VERSION = 5.0;
				TARGETED_DEVICE_FAMILY = "1,2";
				TEST_HOST = "$(BUILT_PRODUCTS_DIR)/DefaultAvatar.app/$(BUNDLE_EXECUTABLE_FOLDER_PATH)/DefaultAvatar";
			};
			name = Release;
		};
		6AC02EDE2C6B9C430025BE7E /* Debug */ = {
			isa = XCBuildConfiguration;
			buildSettings = {
				ALWAYS_EMBED_SWIFT_STANDARD_LIBRARIES = YES;
				CODE_SIGN_STYLE = Automatic;
				CURRENT_PROJECT_VERSION = 1;
				DEVELOPMENT_TEAM = 244RFX44WS;
				GENERATE_INFOPLIST_FILE = YES;
				MARKETING_VERSION = 1.0;
				PRODUCT_BUNDLE_IDENTIFIER = Saadet.DefaultAvatarUITests;
				PRODUCT_NAME = "$(TARGET_NAME)";
				SWIFT_EMIT_LOC_STRINGS = NO;
				SWIFT_VERSION = 5.0;
				TARGETED_DEVICE_FAMILY = "1,2";
				TEST_TARGET_NAME = DefaultAvatar;
			};
			name = Debug;
		};
		6AC02EDF2C6B9C430025BE7E /* Release */ = {
			isa = XCBuildConfiguration;
			buildSettings = {
				ALWAYS_EMBED_SWIFT_STANDARD_LIBRARIES = YES;
				CODE_SIGN_STYLE = Automatic;
				CURRENT_PROJECT_VERSION = 1;
				DEVELOPMENT_TEAM = 244RFX44WS;
				GENERATE_INFOPLIST_FILE = YES;
				MARKETING_VERSION = 1.0;
				PRODUCT_BUNDLE_IDENTIFIER = Saadet.DefaultAvatarUITests;
				PRODUCT_NAME = "$(TARGET_NAME)";
				SWIFT_EMIT_LOC_STRINGS = NO;
				SWIFT_VERSION = 5.0;
				TARGETED_DEVICE_FAMILY = "1,2";
				TEST_TARGET_NAME = DefaultAvatar;
			};
			name = Release;
		};
/* End XCBuildConfiguration section */

/* Begin XCConfigurationList section */
		6AC02EA82C6B9C420025BE7E /* Build configuration list for PBXProject "DefaultAvatar" */ = {
			isa = XCConfigurationList;
			buildConfigurations = (
				6AC02ED52C6B9C430025BE7E /* Debug */,
				6AC02ED62C6B9C430025BE7E /* Release */,
			);
			defaultConfigurationIsVisible = 0;
			defaultConfigurationName = Release;
		};
		6AC02ED72C6B9C430025BE7E /* Build configuration list for PBXNativeTarget "DefaultAvatar" */ = {
			isa = XCConfigurationList;
			buildConfigurations = (
				6AC02ED82C6B9C430025BE7E /* Debug */,
				6AC02ED92C6B9C430025BE7E /* Release */,
			);
			defaultConfigurationIsVisible = 0;
			defaultConfigurationName = Release;
		};
		6AC02EDA2C6B9C430025BE7E /* Build configuration list for PBXNativeTarget "DefaultAvatarTests" */ = {
			isa = XCConfigurationList;
			buildConfigurations = (
				6AC02EDB2C6B9C430025BE7E /* Debug */,
				6AC02EDC2C6B9C430025BE7E /* Release */,
			);
			defaultConfigurationIsVisible = 0;
			defaultConfigurationName = Release;
		};
		6AC02EDD2C6B9C430025BE7E /* Build configuration list for PBXNativeTarget "DefaultAvatarUITests" */ = {
			isa = XCConfigurationList;
			buildConfigurations = (
				6AC02EDE2C6B9C430025BE7E /* Debug */,
				6AC02EDF2C6B9C430025BE7E /* Release */,
			);
			defaultConfigurationIsVisible = 0;
			defaultConfigurationName = Release;
		};
/* End XCConfigurationList section */
	};
	rootObject = 6AC02EA52C6B9C420025BE7E /* Project object */;
}
